# THIS IS AN AUTOGENERATED FILE. DO NOT EDIT THIS FILE DIRECTLY.
# yarn lockfile v1


add-dom-event-listener@^1.0.2:
  version "1.0.2"
  resolved "https://registry.yarnpkg.com/add-dom-event-listener/-/add-dom-event-listener-1.0.2.tgz#8faed2c41008721cf111da1d30d995b85be42bed"
  dependencies:
    object-assign "4.x"

ant-design-vue@^1.0.2:
  version "1.0.2"
  resolved "https://registry.yarnpkg.com/ant-design-vue/-/ant-design-vue-1.0.2.tgz#b76317af7048606b196ded387ebb8ae4457f8490"
  dependencies:
    add-dom-event-listener "^1.0.2"
    array-tree-filter "^2.1.0"
    async-validator "^1.8.2"
    babel-helper-vue-jsx-merge-props "^2.0.3"
    babel-runtime "6.x"
    classnames "^2.2.5"
    component-classes "^1.2.6"
    dom-align "^1.6.7"
    dom-closest "^0.2.0"
    dom-scroll-into-view "^1.2.1"
    enquire.js "^2.1.6"
    is-negative-zero "^2.0.0"
    json2mq "^0.2.0"
    lodash "^4.17.5"
    moment "^2.21.0"
    omit.js "^1.0.0"
    resize-observer-polyfill "^1.5.0"
    shallow-equal "^1.0.0"
    shallowequal "^1.0.2"
    warning "^3.0.0"

array-tree-filter@^2.1.0:
  version "2.1.0"
  resolved "https://registry.yarnpkg.com/array-tree-filter/-/array-tree-filter-2.1.0.tgz#873ac00fec83749f255ac8dd083814b4f6329190"

async-validator@^1.8.2:
  version "1.8.5"
  resolved "https://registry.yarnpkg.com/async-validator/-/async-validator-1.8.5.tgz#dc3e08ec1fd0dddb67e60842f02c0cd1cec6d7f0"
  dependencies:
    babel-runtime "6.x"

babel-helper-vue-jsx-merge-props@^2.0.3:
  version "2.0.3"
  resolved "https://registry.yarnpkg.com/babel-helper-vue-jsx-merge-props/-/babel-helper-vue-jsx-merge-props-2.0.3.tgz#22aebd3b33902328e513293a8e4992b384f9f1b6"

babel-runtime@6.x, babel-runtime@^6.23.0:
  version "6.26.0"
  resolved "https://registry.yarnpkg.com/babel-runtime/-/babel-runtime-6.26.0.tgz#965c7058668e82b55d7bfe04ff2337bc8b5647fe"
  dependencies:
    core-js "^2.4.0"
    regenerator-runtime "^0.11.0"

classnames@^2.2.5:
  version "2.2.6"
  resolved "https://registry.yarnpkg.com/classnames/-/classnames-2.2.6.tgz#43935bffdd291f326dad0a205309b38d00f650ce"

component-classes@^1.2.6:
  version "1.2.6"
  resolved "https://registry.yarnpkg.com/component-classes/-/component-classes-1.2.6.tgz#c642394c3618a4d8b0b8919efccbbd930e5cd691"
  dependencies:
    component-indexof "0.0.3"

component-indexof@0.0.3:
  version "0.0.3"
  resolved "https://registry.yarnpkg.com/component-indexof/-/component-indexof-0.0.3.tgz#11d091312239eb8f32c8f25ae9cb002ffe8d3c24"

core-js@^2.4.0:
  version "2.5.7"
  resolved "https://registry.yarnpkg.com/core-js/-/core-js-2.5.7.tgz#f972608ff0cead68b841a16a932d0b183791814e"

dom-align@^1.6.7:
  version "1.8.0"
  resolved "https://registry.yarnpkg.com/dom-align/-/dom-align-1.8.0.tgz#c0e89b5b674c6e836cd248c52c2992135f093654"

dom-closest@^0.2.0:
  version "0.2.0"
  resolved "https://registry.yarnpkg.com/dom-closest/-/dom-closest-0.2.0.tgz#ebd9f91d1bf22e8d6f477876bbcd3ec90216c0cf"
  dependencies:
    dom-matches ">=1.0.1"

dom-matches@>=1.0.1:
  version "2.0.0"
  resolved "https://registry.yarnpkg.com/dom-matches/-/dom-matches-2.0.0.tgz#d2728b416a87533980eb089b848d253cf23a758c"

dom-scroll-into-view@^1.2.1:
  version "1.2.1"
  resolved "https://registry.yarnpkg.com/dom-scroll-into-view/-/dom-scroll-into-view-1.2.1.tgz#e8f36732dd089b0201a88d7815dc3f88e6d66c7e"

enquire.js@^2.1.6:
  version "2.1.6"
  resolved "https://registry.yarnpkg.com/enquire.js/-/enquire.js-2.1.6.tgz#3e8780c9b8b835084c3f60e166dbc3c2a3c89814"

is-negative-zero@^2.0.0:
  version "2.0.0"
  resolved "https://registry.yarnpkg.com/is-negative-zero/-/is-negative-zero-2.0.0.tgz#9553b121b0fac28869da9ed459e20c7543788461"

"js-tokens@^3.0.0 || ^4.0.0":
  version "4.0.0"
  resolved "https://registry.yarnpkg.com/js-tokens/-/js-tokens-4.0.0.tgz#19203fb59991df98e3a287050d4647cdeaf32499"

json2mq@^0.2.0:
  version "0.2.0"
  resolved "https://registry.yarnpkg.com/json2mq/-/json2mq-0.2.0.tgz#b637bd3ba9eabe122c83e9720483aeb10d2c904a"
  dependencies:
    string-convert "^0.2.0"

lodash@^4.17.5:
  version "4.17.10"
  resolved "https://registry.yarnpkg.com/lodash/-/lodash-4.17.10.tgz#1b7793cf7259ea38fb3661d4d38b3260af8ae4e7"

loose-envify@^1.0.0:
  version "1.4.0"
  resolved "https://registry.yarnpkg.com/loose-envify/-/loose-envify-1.4.0.tgz#71ee51fa7be4caec1a63839f7e682d8132d30caf"
  dependencies:
    js-tokens "^3.0.0 || ^4.0.0"

moment@^2.21.0:
  version "2.22.2"
  resolved "https://registry.yarnpkg.com/moment/-/moment-2.22.2.tgz#3c257f9839fc0e93ff53149632239eb90783ff66"

object-assign@4.x:
  version "4.1.1"
  resolved "https://registry.yarnpkg.com/object-assign/-/object-assign-4.1.1.tgz#2109adc7965887cfc05cbbd442cac8bfbb360863"

omit.js@^1.0.0:
  version "1.0.0"
  resolved "https://registry.yarnpkg.com/omit.js/-/omit.js-1.0.0.tgz#e013cb86a7517b9cf6f7cfb0ddb4297256a99288"
  dependencies:
    babel-runtime "^6.23.0"

regenerator-runtime@^0.11.0:
  version "0.11.1"
  resolved "https://registry.yarnpkg.com/regenerator-runtime/-/regenerator-runtime-0.11.1.tgz#be05ad7f9bf7d22e056f9726cee5017fbf19e2e9"

resize-observer-polyfill@^1.5.0:
  version "1.5.0"
  resolved "https://registry.yarnpkg.com/resize-observer-polyfill/-/resize-observer-polyfill-1.5.0.tgz#660ff1d9712a2382baa2cad450a4716209f9ca69"

shallow-equal@^1.0.0:
  version "1.0.0"
  resolved "https://registry.yarnpkg.com/shallow-equal/-/shallow-equal-1.0.0.tgz#508d1838b3de590ab8757b011b25e430900945f7"

shallowequal@^1.0.2:
  version "1.1.0"
  resolved "https://registry.yarnpkg.com/shallowequal/-/shallowequal-1.1.0.tgz#188d521de95b9087404fd4dcb68b13df0ae4e7f8"

string-convert@^0.2.0:
  version "0.2.1"
  resolved "https://registry.yarnpkg.com/string-convert/-/string-convert-0.2.1.tgz#6982cc3049fbb4cd85f8b24568b9d9bf39eeff97"

warning@^3.0.0:
  version "3.0.0"
  resolved "https://registry.yarnpkg.com/warning/-/warning-3.0.0.tgz#32e5377cb572de4ab04753bdf8821c01ed605b7c"
  dependencies:
    loose-envify "^1.0.0"
